
Microsoft Visual Studio Solution File, Format Version 12.00
# Visual Studio Version 17
VisualStudioVersion = 17.4.33213.308
MinimumVisualStudioVersion = 10.0.40219.1
Project("{FAE04EC0-301F-11D3-BF4B-00C04F79EFBC}") = "Project-SQLClientCRUD", "Project-SQLClientCRUD\Project-SQLClientCRUD.csproj", "{B2C0AAC6-AF46-4F37-AEA8-E46B29086EE8}"
EndProject
Global
	GlobalSection(SolutionConfigurationPlatforms) = preSolution
		Debug|Any CPU = Debug|Any CPU
		Release|Any CPU = Release|Any CPU
	EndGlobalSection
	GlobalSection(ProjectConfigurationPlatforms) = postSolution
		{B2C0AAC6-AF46-4F37-AEA8-E46B29086EE8}.Debug|Any CPU.ActiveCfg = Debug|Any CPU
		{B2C0AAC6-AF46-4F37-AEA8-E46B29086EE8}.Debug|Any CPU.Build.0 = Debug|Any CPU
		{B2C0AAC6-AF46-4F37-AEA8-E46B29086EE8}.Release|Any CPU.ActiveCfg = Release|Any CPU
		{B2C0AAC6-AF46-4F37-AEA8-E46B29086EE8}.Release|Any CPU.Build.0 = Release|Any CPU
	EndGlobalSection
	GlobalSection(SolutionProperties) = preSolution
		HideSolutionNode = FALSE
	EndGlobalSection
	GlobalSection(ExtensibilityGlobals) = postSolution
		SolutionGuid = {03AC49A6-42D7-4A90-9C43-AD411E070E4D}
	EndGlobalSection
EndGlobal
